{
  "version": 4,
  "terraform_version": "1.3.7",
  "serial": 56,
  "lineage": "0f7d690d-3894-8972-f116-bdedc15aa02e",
  "outputs": {},
  "resources": [
    {
      "mode": "managed",
      "type": "azurerm_network_interface",
      "name": "nic-dever-de-casa-infra",
      "provider": "provider[\"registry.terraform.io/hashicorp/azurerm\"]",
      "instances": [
        {
          "schema_version": 0,
          "attributes": {
            "applied_dns_servers": [],
            "dns_servers": [],
            "edge_zone": "",
            "enable_accelerated_networking": false,
            "enable_ip_forwarding": false,
            "id": "/subscriptions/6149a06d-d950-4199-8cbf-271f5910b83c/resourceGroups/rg-dever-de-casa-infra/providers/Microsoft.Network/networkInterfaces/nic-dever-de-casa-infra",
            "internal_dns_name_label": "",
            "internal_domain_name_suffix": "svpt3bdnngdutnl2dtscxeskqg.bx.internal.cloudapp.net",
            "ip_configuration": [
              {
                "gateway_load_balancer_frontend_ip_configuration_id": "",
                "name": "nic-internal",
                "primary": true,
                "private_ip_address": "10.0.1.4",
                "private_ip_address_allocation": "Dynamic",
                "private_ip_address_version": "IPv4",
                "public_ip_address_id": "/subscriptions/6149a06d-d950-4199-8cbf-271f5910b83c/resourceGroups/rg-dever-de-casa-infra/providers/Microsoft.Network/publicIPAddresses/ip-dever-de-casa-infra",
                "subnet_id": "/subscriptions/6149a06d-d950-4199-8cbf-271f5910b83c/resourceGroups/rg-dever-de-casa-infra/providers/Microsoft.Network/virtualNetworks/vnet-dever-de-casa-infra/subnets/sub-dever-de-casa-infra"
              }
            ],
            "location": "eastus",
            "mac_address": "",
            "name": "nic-dever-de-casa-infra",
            "private_ip_address": "10.0.1.4",
            "private_ip_addresses": [
              "10.0.1.4"
            ],
            "resource_group_name": "rg-dever-de-casa-infra",
            "tags": null,
            "timeouts": null,
            "virtual_machine_id": ""
          },
          "sensitive_attributes": [],
          "private": "eyJlMmJmYjczMC1lY2FhLTExZTYtOGY4OC0zNDM2M2JjN2M0YzAiOnsiY3JlYXRlIjoxODAwMDAwMDAwMDAwLCJkZWxldGUiOjE4MDAwMDAwMDAwMDAsInJlYWQiOjMwMDAwMDAwMDAwMCwidXBkYXRlIjoxODAwMDAwMDAwMDAwfX0=",
          "dependencies": [
            "azurerm_public_ip.ip-dever-de-casa-infra",
            "azurerm_resource_group.rg-dever-de-casa-infra",
            "azurerm_subnet.sub-dever-de-casa-infra",
            "azurerm_virtual_network.vnet-dever-de-casa-infra"
          ]
        }
      ]
    },
    {
      "mode": "managed",
      "type": "azurerm_network_security_group",
      "name": "nsg-dever-de-casa-infra",
      "provider": "provider[\"registry.terraform.io/hashicorp/azurerm\"]",
      "instances": [
        {
          "schema_version": 0,
          "attributes": {
            "id": "/subscriptions/6149a06d-d950-4199-8cbf-271f5910b83c/resourceGroups/rg-dever-de-casa-infra/providers/Microsoft.Network/networkSecurityGroups/nsg-dever-de-casa-infra",
            "location": "eastus",
            "name": "nsg-dever-de-casa-infra",
            "resource_group_name": "rg-dever-de-casa-infra",
            "security_rule": [
              {
                "access": "Allow",
                "description": "",
                "destination_address_prefix": "*",
                "destination_address_prefixes": [],
                "destination_application_security_group_ids": [],
                "destination_port_range": "22",
                "destination_port_ranges": [],
                "direction": "Inbound",
                "name": "SSH",
                "priority": 100,
                "protocol": "Tcp",
                "source_address_prefix": "*",
                "source_address_prefixes": [],
                "source_application_security_group_ids": [],
                "source_port_range": "*",
                "source_port_ranges": []
              },
              {
                "access": "Allow",
                "description": "",
                "destination_address_prefix": "*",
                "destination_address_prefixes": [],
                "destination_application_security_group_ids": [],
                "destination_port_range": "80",
                "destination_port_ranges": [],
                "direction": "Inbound",
                "name": "web",
                "priority": 1003,
                "protocol": "Tcp",
                "source_address_prefix": "*",
                "source_address_prefixes": [],
                "source_application_security_group_ids": [],
                "source_port_range": "*",
                "source_port_ranges": []
              }
            ],
            "tags": {
              "environment": "Development",
              "faculdade": "impacta",
              "turma": "fs05"
            },
            "timeouts": null
          },
          "sensitive_attributes": [],
          "private": "eyJlMmJmYjczMC1lY2FhLTExZTYtOGY4OC0zNDM2M2JjN2M0YzAiOnsiY3JlYXRlIjoxODAwMDAwMDAwMDAwLCJkZWxldGUiOjE4MDAwMDAwMDAwMDAsInJlYWQiOjMwMDAwMDAwMDAwMCwidXBkYXRlIjoxODAwMDAwMDAwMDAwfX0=",
          "dependencies": [
            "azurerm_resource_group.rg-dever-de-casa-infra"
          ]
        }
      ]
    },
    {
      "mode": "managed",
      "type": "azurerm_public_ip",
      "name": "ip-dever-de-casa-infra",
      "provider": "provider[\"registry.terraform.io/hashicorp/azurerm\"]",
      "instances": [
        {
          "schema_version": 0,
          "attributes": {
            "allocation_method": "Static",
            "ddos_protection_mode": "VirtualNetworkInherited",
            "ddos_protection_plan_id": null,
            "domain_name_label": null,
            "edge_zone": "",
            "fqdn": null,
            "id": "/subscriptions/6149a06d-d950-4199-8cbf-271f5910b83c/resourceGroups/rg-dever-de-casa-infra/providers/Microsoft.Network/publicIPAddresses/ip-dever-de-casa-infra",
            "idle_timeout_in_minutes": 4,
            "ip_address": "20.228.216.132",
            "ip_tags": null,
            "ip_version": "IPv4",
            "location": "eastus",
            "name": "ip-dever-de-casa-infra",
            "public_ip_prefix_id": null,
            "resource_group_name": "rg-dever-de-casa-infra",
            "reverse_fqdn": null,
            "sku": "Basic",
            "sku_tier": "Regional",
            "tags": {
              "environment": "Development",
              "faculdade": "impacta",
              "turma": "fs05"
            },
            "timeouts": null,
            "zones": null
          },
          "sensitive_attributes": [],
          "private": "eyJlMmJmYjczMC1lY2FhLTExZTYtOGY4OC0zNDM2M2JjN2M0YzAiOnsiY3JlYXRlIjoxODAwMDAwMDAwMDAwLCJkZWxldGUiOjE4MDAwMDAwMDAwMDAsInJlYWQiOjMwMDAwMDAwMDAwMCwidXBkYXRlIjoxODAwMDAwMDAwMDAwfX0=",
          "dependencies": [
            "azurerm_resource_group.rg-dever-de-casa-infra"
          ]
        }
      ]
    },
    {
      "mode": "managed",
      "type": "azurerm_resource_group",
      "name": "rg-dever-de-casa-infra",
      "provider": "provider[\"registry.terraform.io/hashicorp/azurerm\"]",
      "instances": [
        {
          "schema_version": 0,
          "attributes": {
            "id": "/subscriptions/6149a06d-d950-4199-8cbf-271f5910b83c/resourceGroups/rg-dever-de-casa-infra",
            "location": "eastus",
            "name": "rg-dever-de-casa-infra",
            "tags": {
              "environment": "Development",
              "faculdade": "impacta",
              "turma": "fs05"
            },
            "timeouts": null
          },
          "sensitive_attributes": [],
          "private": "eyJlMmJmYjczMC1lY2FhLTExZTYtOGY4OC0zNDM2M2JjN2M0YzAiOnsiY3JlYXRlIjo1NDAwMDAwMDAwMDAwLCJkZWxldGUiOjU0MDAwMDAwMDAwMDAsInJlYWQiOjMwMDAwMDAwMDAwMCwidXBkYXRlIjo1NDAwMDAwMDAwMDAwfX0="
        }
      ]
    },
    {
      "mode": "managed",
      "type": "azurerm_subnet",
      "name": "sub-dever-de-casa-infra",
      "provider": "provider[\"registry.terraform.io/hashicorp/azurerm\"]",
      "instances": [
        {
          "schema_version": 0,
          "attributes": {
            "address_prefixes": [
              "10.0.1.0/24"
            ],
            "delegation": [],
            "enforce_private_link_endpoint_network_policies": false,
            "enforce_private_link_service_network_policies": false,
            "id": "/subscriptions/6149a06d-d950-4199-8cbf-271f5910b83c/resourceGroups/rg-dever-de-casa-infra/providers/Microsoft.Network/virtualNetworks/vnet-dever-de-casa-infra/subnets/sub-dever-de-casa-infra",
            "name": "sub-dever-de-casa-infra",
            "private_endpoint_network_policies_enabled": true,
            "private_link_service_network_policies_enabled": true,
            "resource_group_name": "rg-dever-de-casa-infra",
            "service_endpoint_policy_ids": null,
            "service_endpoints": null,
            "timeouts": null,
            "virtual_network_name": "vnet-dever-de-casa-infra"
          },
          "sensitive_attributes": [],
          "private": "eyJlMmJmYjczMC1lY2FhLTExZTYtOGY4OC0zNDM2M2JjN2M0YzAiOnsiY3JlYXRlIjoxODAwMDAwMDAwMDAwLCJkZWxldGUiOjE4MDAwMDAwMDAwMDAsInJlYWQiOjMwMDAwMDAwMDAwMCwidXBkYXRlIjoxODAwMDAwMDAwMDAwfX0=",
          "dependencies": [
            "azurerm_resource_group.rg-dever-de-casa-infra",
            "azurerm_virtual_network.vnet-dever-de-casa-infra"
          ]
        }
      ]
    },
    {
      "mode": "managed",
      "type": "azurerm_virtual_machine",
      "name": "vm-dever-de-casa-infra",
      "provider": "provider[\"registry.terraform.io/hashicorp/azurerm\"]",
      "instances": [
        {
          "schema_version": 0,
          "attributes": {
            "additional_capabilities": [],
            "availability_set_id": null,
            "boot_diagnostics": [],
            "delete_data_disks_on_termination": false,
            "delete_os_disk_on_termination": false,
            "id": "/subscriptions/6149a06d-d950-4199-8cbf-271f5910b83c/resourceGroups/rg-dever-de-casa-infra/providers/Microsoft.Compute/virtualMachines/vm-dever-de-casa-infra",
            "identity": [],
            "license_type": null,
            "location": "eastus",
            "name": "vm-dever-de-casa-infra",
            "network_interface_ids": [
              "/subscriptions/6149a06d-d950-4199-8cbf-271f5910b83c/resourceGroups/rg-dever-de-casa-infra/providers/Microsoft.Network/networkInterfaces/nic-dever-de-casa-infra"
            ],
            "os_profile": [
              {
                "admin_password": "",
                "admin_username": "testeadmin",
                "computer_name": "hostname",
                "custom_data": ""
              }
            ],
            "os_profile_linux_config": [
              {
                "disable_password_authentication": false,
                "ssh_keys": []
              }
            ],
            "os_profile_secrets": [],
            "os_profile_windows_config": [],
            "plan": [],
            "primary_network_interface_id": null,
            "proximity_placement_group_id": null,
            "resource_group_name": "rg-dever-de-casa-infra",
            "storage_data_disk": [],
            "storage_image_reference": [
              {
                "id": "",
                "offer": "UbuntuServer",
                "publisher": "Canonical",
                "sku": "16.04-LTS",
                "version": "latest"
              }
            ],
            "storage_os_disk": [
              {
                "caching": "ReadWrite",
                "create_option": "FromImage",
                "disk_size_gb": 30,
                "image_uri": "",
                "managed_disk_id": "/subscriptions/6149a06d-d950-4199-8cbf-271f5910b83c/resourceGroups/rg-dever-de-casa-infra/providers/Microsoft.Compute/disks/myosdisk1",
                "managed_disk_type": "Standard_LRS",
                "name": "myosdisk1",
                "os_type": "Linux",
                "vhd_uri": "",
                "write_accelerator_enabled": false
              }
            ],
            "tags": {
              "environment": "Development",
              "faculdade": "impacta",
              "turma": "fs05"
            },
            "timeouts": null,
            "vm_size": "Standard_DS1_v2",
            "zones": null
          },
          "sensitive_attributes": [
            [
              {
                "type": "get_attr",
                "value": "os_profile"
              }
            ]
          ],
          "private": "eyJlMmJmYjczMC1lY2FhLTExZTYtOGY4OC0zNDM2M2JjN2M0YzAiOnsiY3JlYXRlIjozNjAwMDAwMDAwMDAwLCJkZWxldGUiOjM2MDAwMDAwMDAwMDAsInJlYWQiOjMwMDAwMDAwMDAwMCwidXBkYXRlIjozNjAwMDAwMDAwMDAwfX0=",
          "dependencies": [
            "azurerm_network_interface.nic-dever-de-casa-infra",
            "azurerm_public_ip.ip-dever-de-casa-infra",
            "azurerm_resource_group.rg-dever-de-casa-infra",
            "azurerm_subnet.sub-dever-de-casa-infra",
            "azurerm_virtual_network.vnet-dever-de-casa-infra"
          ]
        }
      ]
    },
    {
      "mode": "managed",
      "type": "azurerm_virtual_network",
      "name": "vnet-dever-de-casa-infra",
      "provider": "provider[\"registry.terraform.io/hashicorp/azurerm\"]",
      "instances": [
        {
          "schema_version": 0,
          "attributes": {
            "address_space": [
              "10.0.0.0/16"
            ],
            "bgp_community": "",
            "ddos_protection_plan": [],
            "dns_servers": [],
            "edge_zone": "",
            "flow_timeout_in_minutes": 0,
            "guid": "843e5f95-696d-4987-b57c-1ce42b924a86",
            "id": "/subscriptions/6149a06d-d950-4199-8cbf-271f5910b83c/resourceGroups/rg-dever-de-casa-infra/providers/Microsoft.Network/virtualNetworks/vnet-dever-de-casa-infra",
            "location": "eastus",
            "name": "vnet-dever-de-casa-infra",
            "resource_group_name": "rg-dever-de-casa-infra",
            "subnet": [],
            "tags": {
              "environment": "Development",
              "faculdade": "impacta",
              "turma": "fs05"
            },
            "timeouts": null
          },
          "sensitive_attributes": [],
          "private": "eyJlMmJmYjczMC1lY2FhLTExZTYtOGY4OC0zNDM2M2JjN2M0YzAiOnsiY3JlYXRlIjoxODAwMDAwMDAwMDAwLCJkZWxldGUiOjE4MDAwMDAwMDAwMDAsInJlYWQiOjMwMDAwMDAwMDAwMCwidXBkYXRlIjoxODAwMDAwMDAwMDAwfX0=",
          "dependencies": [
            "azurerm_resource_group.rg-dever-de-casa-infra"
          ]
        }
      ]
    },
    {
      "mode": "managed",
      "type": "null_resource",
      "name": "install-apache",
      "provider": "provider[\"registry.terraform.io/hashicorp/null\"]",
      "instances": [
        {
          "schema_version": 0,
          "attributes": {
            "id": "1727686133",
            "triggers": null
          },
          "sensitive_attributes": [],
          "dependencies": [
            "azurerm_network_interface.nic-dever-de-casa-infra",
            "azurerm_public_ip.ip-dever-de-casa-infra",
            "azurerm_resource_group.rg-dever-de-casa-infra",
            "azurerm_subnet.sub-dever-de-casa-infra",
            "azurerm_virtual_machine.vm-dever-de-casa-infra",
            "azurerm_virtual_network.vnet-dever-de-casa-infra"
          ]
        }
      ]
    }
  ],
  "check_results": null
}
